
Microsoft Visual Studio Solution File, Format Version 12.00
# Visual Studio 15
VisualStudioVersion = 15.0.28307.1831
MinimumVisualStudioVersion = 10.0.40219.1
Project("{FAE04EC0-301F-11D3-BF4B-00C04F79EFBC}") = "ConsoleApptryremove", "ConsoleApptryremove\ConsoleApptryremove.csproj", "{44EB92C5-6CA1-4999-8DCB-045ED2D98079}"
EndProject
Global
	GlobalSection(SolutionConfigurationPlatforms) = preSolution
		Debug|Any CPU = Debug|Any CPU
		Release|Any CPU = Release|Any CPU
	EndGlobalSection
	GlobalSection(ProjectConfigurationPlatforms) = postSolution
		{44EB92C5-6CA1-4999-8DCB-045ED2D98079}.Debug|Any CPU.ActiveCfg = Debug|Any CPU
		{44EB92C5-6CA1-4999-8DCB-045ED2D98079}.Debug|Any CPU.Build.0 = Debug|Any CPU
		{44EB92C5-6CA1-4999-8DCB-045ED2D98079}.Release|Any CPU.ActiveCfg = Release|Any CPU
		{44EB92C5-6CA1-4999-8DCB-045ED2D98079}.Release|Any CPU.Build.0 = Release|Any CPU
	EndGlobalSection
	GlobalSection(SolutionProperties) = preSolution
		HideSolutionNode = FALSE
	EndGlobalSection
	GlobalSection(ExtensibilityGlobals) = postSolution
		SolutionGuid = {0EAABA98-49C3-485C-B64A-1D7834F0D8E8}
	EndGlobalSection
EndGlobal
